Microsoft Visual Studio Solution File, Format Version 12.00
# Visual Studio Version 17
VisualStudioVersion = 17.5.2.0
MinimumVisualStudioVersion = 10.0.40219.1
Project("{FAE04EC0-301F-11D3-BF4B-00C04F79EFBC}") = "sic43s1-netcore", "sic43s1-netcore.csproj", "{00F24ACF-67E0-04D7-03AE-62A7C4FE9FBB}"
EndProject
Global
	GlobalSection(SolutionConfigurationPlatforms) = preSolution
		Debug|Any CPU = Debug|Any CPU
		Release|Any CPU = Release|Any CPU
	EndGlobalSection
	GlobalSection(ProjectConfigurationPlatforms) = postSolution
		{00F24ACF-67E0-04D7-03AE-62A7C4FE9FBB}.Debug|Any CPU.ActiveCfg = Debug|Any CPU
		{00F24ACF-67E0-04D7-03AE-62A7C4FE9FBB}.Debug|Any CPU.Build.0 = Debug|Any CPU
		{00F24ACF-67E0-04D7-03AE-62A7C4FE9FBB}.Release|Any CPU.ActiveCfg = Release|Any CPU
		{00F24ACF-67E0-04D7-03AE-62A7C4FE9FBB}.Release|Any CPU.Build.0 = Release|Any CPU
	EndGlobalSection
	GlobalSection(SolutionProperties) = preSolution
		HideSolutionNode = FALSE
	EndGlobalSection
	GlobalSection(ExtensibilityGlobals) = postSolution
		SolutionGuid = {46E1CC30-96F2-4EDA-A3A6-A6DBC634ADD9}
	EndGlobalSection
EndGlobal
